
Microsoft Visual Studio Solution File, Format Version 12.00
# Visual Studio Version 17
VisualStudioVersion = 17.7.34024.191
MinimumVisualStudioVersion = 10.0.40219.1
Project("{FAE04EC0-301F-11D3-BF4B-00C04F79EFBC}") = "ConsoleApp1", "ConsoleApp1.csproj", "{AA1E8CE7-1663-4FE0-B27E-E631EDF99390}"
EndProject
Global
	GlobalSection(SolutionConfigurationPlatforms) = preSolution
		Debug|Any CPU = Debug|Any CPU
		Release|Any CPU = Release|Any CPU
	EndGlobalSection
	GlobalSection(ProjectConfigurationPlatforms) = postSolution
		{AA1E8CE7-1663-4FE0-B27E-E631EDF99390}.Debug|Any CPU.ActiveCfg = Debug|Any CPU
		{AA1E8CE7-1663-4FE0-B27E-E631EDF99390}.Debug|Any CPU.Build.0 = Debug|Any CPU
		{AA1E8CE7-1663-4FE0-B27E-E631EDF99390}.Release|Any CPU.ActiveCfg = Release|Any CPU
		{AA1E8CE7-1663-4FE0-B27E-E631EDF99390}.Release|Any CPU.Build.0 = Release|Any CPU
	EndGlobalSection
	GlobalSection(SolutionProperties) = preSolution
		HideSolutionNode = FALSE
	EndGlobalSection
	GlobalSection(ExtensibilityGlobals) = postSolution
		SolutionGuid = {BF418B29-0A13-4CD3-960C-9E37337CCFF6}
	EndGlobalSection
EndGlobal
